
Microsoft Visual Studio Solution File, Format Version 12.00
# Visual Studio Version 16
VisualStudioVersion = 16.0.31829.152
MinimumVisualStudioVersion = 10.0.40219.1
Project("{FAE04EC0-301F-11D3-BF4B-00C04F79EFBC}") = "HelloWrold.Tests", "HelloWrold.Tests\HelloWrold.Tests.csproj", "{D46CE8C6-5B2F-4147-9AA8-3ABC73EE022E}"
EndProject
Project("{FAE04EC0-301F-11D3-BF4B-00C04F79EFBC}") = "HelloWorld", "HelloWorld\HelloWorld.csproj", "{02477DAB-40A0-4645-9F78-60A738787125}"
EndProject
Global
	GlobalSection(SolutionConfigurationPlatforms) = preSolution
		Debug|Any CPU = Debug|Any CPU
		Release|Any CPU = Release|Any CPU
	EndGlobalSection
	GlobalSection(ProjectConfigurationPlatforms) = postSolution
		{D46CE8C6-5B2F-4147-9AA8-3ABC73EE022E}.Debug|Any CPU.ActiveCfg = Debug|Any CPU
		{D46CE8C6-5B2F-4147-9AA8-3ABC73EE022E}.Debug|Any CPU.Build.0 = Debug|Any CPU
		{D46CE8C6-5B2F-4147-9AA8-3ABC73EE022E}.Release|Any CPU.ActiveCfg = Release|Any CPU
		{D46CE8C6-5B2F-4147-9AA8-3ABC73EE022E}.Release|Any CPU.Build.0 = Release|Any CPU
		{02477DAB-40A0-4645-9F78-60A738787125}.Debug|Any CPU.ActiveCfg = Debug|Any CPU
		{02477DAB-40A0-4645-9F78-60A738787125}.Debug|Any CPU.Build.0 = Debug|Any CPU
		{02477DAB-40A0-4645-9F78-60A738787125}.Release|Any CPU.ActiveCfg = Release|Any CPU
		{02477DAB-40A0-4645-9F78-60A738787125}.Release|Any CPU.Build.0 = Release|Any CPU
	EndGlobalSection
	GlobalSection(SolutionProperties) = preSolution
		HideSolutionNode = FALSE
	EndGlobalSection
	GlobalSection(ExtensibilityGlobals) = postSolution
		SolutionGuid = {BF9824B8-C019-4C06-963D-6B5A64E1BC6D}
	EndGlobalSection
EndGlobal
